
Microsoft Visual Studio Solution File, Format Version 12.00
# Visual Studio 15
VisualStudioVersion = 15.0.28307.329
MinimumVisualStudioVersion = 10.0.40219.1
Project("{FAE04EC0-301F-11D3-BF4B-00C04F79EFBC}") = "strayex_shell_win", "win\strayex_shell_win.csproj", "{FAC977A2-04B4-4B3D-A766-4DFFA87DA16C}"
EndProject
Project("{8BC9CEB8-8B4A-11D0-8D11-00A0C91BC942}") = "strayex_shell_linux", "linux\strayex_shell_linux.vcxproj", "{F242379D-5576-4E5E-963B-070535ADD89C}"
EndProject
Global
	GlobalSection(SolutionConfigurationPlatforms) = preSolution
		Debug|Any CPU = Debug|Any CPU
		Debug|ARM = Debug|ARM
		Debug|ARM64 = Debug|ARM64
		Debug|x64 = Debug|x64
		Debug|x86 = Debug|x86
		Release|Any CPU = Release|Any CPU
		Release|ARM = Release|ARM
		Release|ARM64 = Release|ARM64
		Release|x64 = Release|x64
		Release|x86 = Release|x86
	EndGlobalSection
	GlobalSection(ProjectConfigurationPlatforms) = postSolution
		{FAC977A2-04B4-4B3D-A766-4DFFA87DA16C}.Debug|Any CPU.ActiveCfg = Debug|x64
		{FAC977A2-04B4-4B3D-A766-4DFFA87DA16C}.Debug|Any CPU.Build.0 = Debug|x64
		{FAC977A2-04B4-4B3D-A766-4DFFA87DA16C}.Debug|ARM.ActiveCfg = Debug|Any CPU
		{FAC977A2-04B4-4B3D-A766-4DFFA87DA16C}.Debug|ARM.Build.0 = Debug|Any CPU
		{FAC977A2-04B4-4B3D-A766-4DFFA87DA16C}.Debug|ARM64.ActiveCfg = Debug|Any CPU
		{FAC977A2-04B4-4B3D-A766-4DFFA87DA16C}.Debug|ARM64.Build.0 = Debug|Any CPU
		{FAC977A2-04B4-4B3D-A766-4DFFA87DA16C}.Debug|x64.ActiveCfg = Debug|Any CPU
		{FAC977A2-04B4-4B3D-A766-4DFFA87DA16C}.Debug|x64.Build.0 = Debug|Any CPU
		{FAC977A2-04B4-4B3D-A766-4DFFA87DA16C}.Debug|x86.ActiveCfg = Debug|Any CPU
		{FAC977A2-04B4-4B3D-A766-4DFFA87DA16C}.Debug|x86.Build.0 = Debug|Any CPU
		{FAC977A2-04B4-4B3D-A766-4DFFA87DA16C}.Release|Any CPU.ActiveCfg = Release|Any CPU
		{FAC977A2-04B4-4B3D-A766-4DFFA87DA16C}.Release|Any CPU.Build.0 = Release|Any CPU
		{FAC977A2-04B4-4B3D-A766-4DFFA87DA16C}.Release|ARM.ActiveCfg = Release|Any CPU
		{FAC977A2-04B4-4B3D-A766-4DFFA87DA16C}.Release|ARM.Build.0 = Release|Any CPU
		{FAC977A2-04B4-4B3D-A766-4DFFA87DA16C}.Release|ARM64.ActiveCfg = Release|Any CPU
		{FAC977A2-04B4-4B3D-A766-4DFFA87DA16C}.Release|ARM64.Build.0 = Release|Any CPU
		{FAC977A2-04B4-4B3D-A766-4DFFA87DA16C}.Release|x64.ActiveCfg = Release|Any CPU
		{FAC977A2-04B4-4B3D-A766-4DFFA87DA16C}.Release|x64.Build.0 = Release|Any CPU
		{FAC977A2-04B4-4B3D-A766-4DFFA87DA16C}.Release|x86.ActiveCfg = Release|Any CPU
		{FAC977A2-04B4-4B3D-A766-4DFFA87DA16C}.Release|x86.Build.0 = Release|Any CPU
		{F242379D-5576-4E5E-963B-070535ADD89C}.Debug|Any CPU.ActiveCfg = Debug|x86
		{F242379D-5576-4E5E-963B-070535ADD89C}.Debug|ARM.ActiveCfg = Debug|ARM
		{F242379D-5576-4E5E-963B-070535ADD89C}.Debug|ARM.Build.0 = Debug|ARM
		{F242379D-5576-4E5E-963B-070535ADD89C}.Debug|ARM64.ActiveCfg = Debug|ARM64
		{F242379D-5576-4E5E-963B-070535ADD89C}.Debug|ARM64.Build.0 = Debug|ARM64
		{F242379D-5576-4E5E-963B-070535ADD89C}.Debug|x64.ActiveCfg = Debug|x64
		{F242379D-5576-4E5E-963B-070535ADD89C}.Debug|x64.Build.0 = Debug|x64
		{F242379D-5576-4E5E-963B-070535ADD89C}.Debug|x86.ActiveCfg = Debug|x86
		{F242379D-5576-4E5E-963B-070535ADD89C}.Debug|x86.Build.0 = Debug|x86
		{F242379D-5576-4E5E-963B-070535ADD89C}.Release|Any CPU.ActiveCfg = Release|x86
		{F242379D-5576-4E5E-963B-070535ADD89C}.Release|ARM.ActiveCfg = Release|ARM
		{F242379D-5576-4E5E-963B-070535ADD89C}.Release|ARM.Build.0 = Release|ARM
		{F242379D-5576-4E5E-963B-070535ADD89C}.Release|ARM64.ActiveCfg = Release|ARM64
		{F242379D-5576-4E5E-963B-070535ADD89C}.Release|ARM64.Build.0 = Release|ARM64
		{F242379D-5576-4E5E-963B-070535ADD89C}.Release|x64.ActiveCfg = Release|x64
		{F242379D-5576-4E5E-963B-070535ADD89C}.Release|x64.Build.0 = Release|x64
		{F242379D-5576-4E5E-963B-070535ADD89C}.Release|x86.ActiveCfg = Release|x86
		{F242379D-5576-4E5E-963B-070535ADD89C}.Release|x86.Build.0 = Release|x86
	EndGlobalSection
	GlobalSection(SolutionProperties) = preSolution
		HideSolutionNode = FALSE
	EndGlobalSection
	GlobalSection(ExtensibilityGlobals) = postSolution
		SolutionGuid = {869DDC78-5C5D-44A4-BB45-D54FDF8C66B8}
	EndGlobalSection
EndGlobal
